// !$*UTF8*$!
{
	archiveVersion = 1;
	classes = {
	};
	objectVersion = 51;
	objects = {

/* Begin PBXBuildFile section */
		176943D726B148C700BD1697 /* AppDelegate.swift in Sources */ = {isa = PBXBuildFile; fileRef = 176943D626B148C700BD1697 /* AppDelegate.swift */; };
		176943D926B148C700BD1697 /* SceneDelegate.swift in Sources */ = {isa = PBXBuildFile; fileRef = 176943D826B148C700BD1697 /* SceneDelegate.swift */; };
		176943DB26B148C700BD1697 /* ViewController.swift in Sources */ = {isa = PBXBuildFile; fileRef = 176943DA26B148C700BD1697 /* ViewController.swift */; };
		176943DE26B148C700BD1697 /* Main.storyboard in Resources */ = {isa = PBXBuildFile; fileRef = 176943DC26B148C700BD1697 /* Main.storyboard */; };
		176943E026B148CA00BD1697 /* Assets.xcassets in Resources */ = {isa = PBXBuildFile; fileRef = 176943DF26B148CA00BD1697 /* Assets.xcassets */; };
		176943E326B148CB00BD1697 /* LaunchScreen.storyboard in Resources */ = {isa = PBXBuildFile; fileRef = 176943E126B148CA00BD1697 /* LaunchScreen.storyboard */; };
		176943EE26B148CB00BD1697 /* GithubTests.swift in Sources */ = {isa = PBXBuildFile; fileRef = 176943ED26B148CB00BD1697 /* GithubTests.swift */; };
		176943F926B148CB00BD1697 /* GithubUITests.swift in Sources */ = {isa = PBXBuildFile; fileRef = 176943F826B148CB00BD1697 /* GithubUITests.swift */; };
		1769441226B14B7100BD1697 /* RepoDTO.swift in Sources */ = {isa = PBXBuildFile; fileRef = 1769441126B14B7100BD1697 /* RepoDTO.swift */; };
		1769441426B14BB800BD1697 /* RepoOwnerDTO.swift in Sources */ = {isa = PBXBuildFile; fileRef = 1769441326B14BB800BD1697 /* RepoOwnerDTO.swift */; };
		1769441726B14BFB00BD1697 /* BaseApiRequest.swift in Sources */ = {isa = PBXBuildFile; fileRef = 1769441626B14BFB00BD1697 /* BaseApiRequest.swift */; };
		1769441A26B151DA00BD1697 /* SearchRepoRequest.swift in Sources */ = {isa = PBXBuildFile; fileRef = 1769441926B151DA00BD1697 /* SearchRepoRequest.swift */; };
		1769441D26B1525100BD1697 /* UserRequest.swift in Sources */ = {isa = PBXBuildFile; fileRef = 1769441C26B1525100BD1697 /* UserRequest.swift */; };
		1769441F26B1536E00BD1697 /* UserRepoRequest.swift in Sources */ = {isa = PBXBuildFile; fileRef = 1769441E26B1536E00BD1697 /* UserRepoRequest.swift */; };
		1769442226B153D500BD1697 /* RestClient.swift in Sources */ = {isa = PBXBuildFile; fileRef = 1769442126B153D500BD1697 /* RestClient.swift */; };
		1769442526B1577100BD1697 /* BaseView.swift in Sources */ = {isa = PBXBuildFile; fileRef = 1769442426B1577100BD1697 /* BaseView.swift */; };
		1769442826B157C300BD1697 /* BaseImageView.swift in Sources */ = {isa = PBXBuildFile; fileRef = 1769442726B157C200BD1697 /* BaseImageView.swift */; };
		4EEC86D1AC45873032FAAE92 /* Pods_Github.framework in Frameworks */ = {isa = PBXBuildFile; fileRef = AB07395771CE90E6FFE3F7B5 /* Pods_Github.framework */; };
		9C4FC5A3D4E2EDF849B00BAA /* Pods_GithubTests.framework in Frameworks */ = {isa = PBXBuildFile; fileRef = EB779AACF8E146809D41AB46 /* Pods_GithubTests.framework */; };
		BD08C92F59CE9EFD2F095115 /* Pods_Github_GithubUITests.framework in Frameworks */ = {isa = PBXBuildFile; fileRef = 821B215B02ED5E24CA9A3C90 /* Pods_Github_GithubUITests.framework */; };
/* End PBXBuildFile section */

/* Begin PBXContainerItemProxy section */
		176943EA26B148CB00BD1697 /* PBXContainerItemProxy */ = {
			isa = PBXContainerItemProxy;
			containerPortal = 176943CB26B148C700BD1697 /* Project object */;
			proxyType = 1;
			remoteGlobalIDString = 176943D226B148C700BD1697;
			remoteInfo = Github;
		};
		176943F526B148CB00BD1697 /* PBXContainerItemProxy */ = {
			isa = PBXContainerItemProxy;
			containerPortal = 176943CB26B148C700BD1697 /* Project object */;
			proxyType = 1;
			remoteGlobalIDString = 176943D226B148C700BD1697;
			remoteInfo = Github;
		};
/* End PBXContainerItemProxy section */

/* Begin PBXFileReference section */
		176943D326B148C700BD1697 /* Github.app */ = {isa = PBXFileReference; explicitFileType = wrapper.application; includeInIndex = 0; path = Github.app; sourceTree = BUILT_PRODUCTS_DIR; };
		176943D626B148C700BD1697 /* AppDelegate.swift */ = {isa = PBXFileReference; lastKnownFileType = sourcecode.swift; path = AppDelegate.swift; sourceTree = "<group>"; };
		176943D826B148C700BD1697 /* SceneDelegate.swift */ = {isa = PBXFileReference; lastKnownFileType = sourcecode.swift; path = SceneDelegate.swift; sourceTree = "<group>"; };
		176943DA26B148C700BD1697 /* ViewController.swift */ = {isa = PBXFileReference; lastKnownFileType = sourcecode.swift; path = ViewController.swift; sourceTree = "<group>"; };
		176943DD26B148C700BD1697 /* Base */ = {isa = PBXFileReference; lastKnownFileType = file.storyboard; name = Base; path = Base.lproj/Main.storyboard; sourceTree = "<group>"; };
		176943DF26B148CA00BD1697 /* Assets.xcassets */ = {isa = PBXFileReference; lastKnownFileType = folder.assetcatalog; path = Assets.xcassets; sourceTree = "<group>"; };
		176943E226B148CB00BD1697 /* Base */ = {isa = PBXFileReference; lastKnownFileType = file.storyboard; name = Base; path = Base.lproj/LaunchScreen.storyboard; sourceTree = "<group>"; };
		176943E426B148CB00BD1697 /* Info.plist */ = {isa = PBXFileReference; lastKnownFileType = text.plist.xml; path = Info.plist; sourceTree = "<group>"; };
		176943E926B148CB00BD1697 /* GithubTests.xctest */ = {isa = PBXFileReference; explicitFileType = wrapper.cfbundle; includeInIndex = 0; path = GithubTests.xctest; sourceTree = BUILT_PRODUCTS_DIR; };
		176943ED26B148CB00BD1697 /* GithubTests.swift */ = {isa = PBXFileReference; lastKnownFileType = sourcecode.swift; path = GithubTests.swift; sourceTree = "<group>"; };
		176943EF26B148CB00BD1697 /* Info.plist */ = {isa = PBXFileReference; lastKnownFileType = text.plist.xml; path = Info.plist; sourceTree = "<group>"; };
		176943F426B148CB00BD1697 /* GithubUITests.xctest */ = {isa = PBXFileReference; explicitFileType = wrapper.cfbundle; includeInIndex = 0; path = GithubUITests.xctest; sourceTree = BUILT_PRODUCTS_DIR; };
		176943F826B148CB00BD1697 /* GithubUITests.swift */ = {isa = PBXFileReference; lastKnownFileType = sourcecode.swift; path = GithubUITests.swift; sourceTree = "<group>"; };
		176943FA26B148CB00BD1697 /* Info.plist */ = {isa = PBXFileReference; lastKnownFileType = text.plist.xml; path = Info.plist; sourceTree = "<group>"; };
		1769441126B14B7100BD1697 /* RepoDTO.swift */ = {isa = PBXFileReference; lastKnownFileType = sourcecode.swift; path = RepoDTO.swift; sourceTree = "<group>"; };
		1769441326B14BB800BD1697 /* RepoOwnerDTO.swift */ = {isa = PBXFileReference; lastKnownFileType = sourcecode.swift; path = RepoOwnerDTO.swift; sourceTree = "<group>"; };
		1769441626B14BFB00BD1697 /* BaseApiRequest.swift */ = {isa = PBXFileReference; lastKnownFileType = sourcecode.swift; path = BaseApiRequest.swift; sourceTree = "<group>"; };
		1769441926B151DA00BD1697 /* SearchRepoRequest.swift */ = {isa = PBXFileReference; lastKnownFileType = sourcecode.swift; path = SearchRepoRequest.swift; sourceTree = "<group>"; };
		1769441C26B1525100BD1697 /* UserRequest.swift */ = {isa = PBXFileReference; lastKnownFileType = sourcecode.swift; path = UserRequest.swift; sourceTree = "<group>"; };
		1769441E26B1536E00BD1697 /* UserRepoRequest.swift */ = {isa = PBXFileReference; lastKnownFileType = sourcecode.swift; path = UserRepoRequest.swift; sourceTree = "<group>"; };
		1769442126B153D500BD1697 /* RestClient.swift */ = {isa = PBXFileReference; lastKnownFileType = sourcecode.swift; path = RestClient.swift; sourceTree = "<group>"; };
		1769442426B1577100BD1697 /* BaseView.swift */ = {isa = PBXFileReference; lastKnownFileType = sourcecode.swift; path = BaseView.swift; sourceTree = "<group>"; };
		1769442726B157C200BD1697 /* BaseImageView.swift */ = {isa = PBXFileReference; lastKnownFileType = sourcecode.swift; path = BaseImageView.swift; sourceTree = "<group>"; };
		29298F62851C366C62DDFE06 /* Pods-Github-GithubUITests.release.xcconfig */ = {isa = PBXFileReference; includeInIndex = 1; lastKnownFileType = text.xcconfig; name = "Pods-Github-GithubUITests.release.xcconfig"; path = "Target Support Files/Pods-Github-GithubUITests/Pods-Github-GithubUITests.release.xcconfig"; sourceTree = "<group>"; };
		52E8CF8EAB2E445F3A20ABB9 /* Pods-Github.debug.xcconfig */ = {isa = PBXFileReference; includeInIndex = 1; lastKnownFileType = text.xcconfig; name = "Pods-Github.debug.xcconfig"; path = "Target Support Files/Pods-Github/Pods-Github.debug.xcconfig"; sourceTree = "<group>"; };
		6FED22A27E1D44BB16358197 /* Pods-GithubTests.debug.xcconfig */ = {isa = PBXFileReference; includeInIndex = 1; lastKnownFileType = text.xcconfig; name = "Pods-GithubTests.debug.xcconfig"; path = "Target Support Files/Pods-GithubTests/Pods-GithubTests.debug.xcconfig"; sourceTree = "<group>"; };
		80B0EB5DF8731E5D957B8A5F /* Pods-Github.release.xcconfig */ = {isa = PBXFileReference; includeInIndex = 1; lastKnownFileType = text.xcconfig; name = "Pods-Github.release.xcconfig"; path = "Target Support Files/Pods-Github/Pods-Github.release.xcconfig"; sourceTree = "<group>"; };
		821B215B02ED5E24CA9A3C90 /* Pods_Github_GithubUITests.framework */ = {isa = PBXFileReference; explicitFileType = wrapper.framework; includeInIndex = 0; path = Pods_Github_GithubUITests.framework; sourceTree = BUILT_PRODUCTS_DIR; };
		AB07395771CE90E6FFE3F7B5 /* Pods_Github.framework */ = {isa = PBXFileReference; explicitFileType = wrapper.framework; includeInIndex = 0; path = Pods_Github.framework; sourceTree = BUILT_PRODUCTS_DIR; };
		B18BF44691BD527B48F9923E /* Pods-GithubTests.release.xcconfig */ = {isa = PBXFileReference; includeInIndex = 1; lastKnownFileType = text.xcconfig; name = "Pods-GithubTests.release.xcconfig"; path = "Target Support Files/Pods-GithubTests/Pods-GithubTests.release.xcconfig"; sourceTree = "<group>"; };
		CE0044B4E2C7E2335AF4CF7B /* Pods-Github-GithubUITests.debug.xcconfig */ = {isa = PBXFileReference; includeInIndex = 1; lastKnownFileType = text.xcconfig; name = "Pods-Github-GithubUITests.debug.xcconfig"; path = "Target Support Files/Pods-Github-GithubUITests/Pods-Github-GithubUITests.debug.xcconfig"; sourceTree = "<group>"; };
		EB779AACF8E146809D41AB46 /* Pods_GithubTests.framework */ = {isa = PBXFileReference; explicitFileType = wrapper.framework; includeInIndex = 0; path = Pods_GithubTests.framework; sourceTree = BUILT_PRODUCTS_DIR; };
/* End PBXFileReference section */

/* Begin PBXFrameworksBuildPhase section */
		176943D026B148C700BD1697 /* Frameworks */ = {
			isa = PBXFrameworksBuildPhase;
			buildActionMask = 2147483647;
			files = (
				4EEC86D1AC45873032FAAE92 /* Pods_Github.framework in Frameworks */,
			);
			runOnlyForDeploymentPostprocessing = 0;
		};
		176943E626B148CB00BD1697 /* Frameworks */ = {
			isa = PBXFrameworksBuildPhase;
			buildActionMask = 2147483647;
			files = (
				9C4FC5A3D4E2EDF849B00BAA /* Pods_GithubTests.framework in Frameworks */,
			);
			runOnlyForDeploymentPostprocessing = 0;
		};
		176943F126B148CB00BD1697 /* Frameworks */ = {
			isa = PBXFrameworksBuildPhase;
			buildActionMask = 2147483647;
			files = (
				BD08C92F59CE9EFD2F095115 /* Pods_Github_GithubUITests.framework in Frameworks */,
			);
			runOnlyForDeploymentPostprocessing = 0;
		};
/* End PBXFrameworksBuildPhase section */

/* Begin PBXGroup section */
		176943CA26B148C700BD1697 = {
			isa = PBXGroup;
			children = (
				176943D526B148C700BD1697 /* Github */,
				176943EC26B148CB00BD1697 /* GithubTests */,
				176943F726B148CB00BD1697 /* GithubUITests */,
				176943D426B148C700BD1697 /* Products */,
				27C90D04199E888FDFF09D47 /* Pods */,
				30323B70447C95AA74BB7EDF /* Frameworks */,
			);
			sourceTree = "<group>";
		};
		176943D426B148C700BD1697 /* Products */ = {
			isa = PBXGroup;
			children = (
				176943D326B148C700BD1697 /* Github.app */,
				176943E926B148CB00BD1697 /* GithubTests.xctest */,
				176943F426B148CB00BD1697 /* GithubUITests.xctest */,
			);
			name = Products;
			sourceTree = "<group>";
		};
		176943D526B148C700BD1697 /* Github */ = {
			isa = PBXGroup;
			children = (
				1769442926B157F800BD1697 /* Cell */,
				1769440C26B14B0A00BD1697 /* App */,
				1769440626B14ACB00BD1697 /* Base */,
				1769440826B14ADA00BD1697 /* Scene */,
				1769440726B14AD100BD1697 /* Network */,
				1769440D26B14B3C00BD1697 /* Model */,
				1769440A26B14AEE00BD1697 /* Extension */,
				1769440926B14ADF00BD1697 /* CustomObject */,
				176943DA26B148C700BD1697 /* ViewController.swift */,
				176943DC26B148C700BD1697 /* Main.storyboard */,
				176943DF26B148CA00BD1697 /* Assets.xcassets */,
				176943E126B148CA00BD1697 /* LaunchScreen.storyboard */,
				176943E426B148CB00BD1697 /* Info.plist */,
			);
			path = Github;
			sourceTree = "<group>";
		};
		176943EC26B148CB00BD1697 /* GithubTests */ = {
			isa = PBXGroup;
			children = (
				176943ED26B148CB00BD1697 /* GithubTests.swift */,
				176943EF26B148CB00BD1697 /* Info.plist */,
			);
			path = GithubTests;
			sourceTree = "<group>";
		};
		176943F726B148CB00BD1697 /* GithubUITests */ = {
			isa = PBXGroup;
			children = (
				176943F826B148CB00BD1697 /* GithubUITests.swift */,
				176943FA26B148CB00BD1697 /* Info.plist */,
			);
			path = GithubUITests;
			sourceTree = "<group>";
		};
		1769440626B14ACB00BD1697 /* Base */ = {
			isa = PBXGroup;
			children = (
			);
			path = Base;
			sourceTree = "<group>";
		};
		1769440726B14AD100BD1697 /* Network */ = {
			isa = PBXGroup;
			children = (
				1769442026B153C800BD1697 /* Client */,
				1769441B26B1522E00BD1697 /* UserRequest */,
				1769441826B151B500BD1697 /* RepoRequest */,
				1769441526B14BD000BD1697 /* BaseRequest */,
			);
			path = Network;
			sourceTree = "<group>";
		};
		1769440826B14ADA00BD1697 /* Scene */ = {
			isa = PBXGroup;
			children = (
			);
			path = Scene;
			sourceTree = "<group>";
		};
		1769440926B14ADF00BD1697 /* CustomObject */ = {
			isa = PBXGroup;
			children = (
				1769442626B1578500BD1697 /* ImageView */,
				1769442326B1576700BD1697 /* View */,
			);
			path = CustomObject;
			sourceTree = "<group>";
		};
		1769440A26B14AEE00BD1697 /* Extension */ = {
			isa = PBXGroup;
			children = (
			);
			path = Extension;
			sourceTree = "<group>";
		};
		1769440C26B14B0A00BD1697 /* App */ = {
			isa = PBXGroup;
			children = (
				176943D626B148C700BD1697 /* AppDelegate.swift */,
				176943D826B148C700BD1697 /* SceneDelegate.swift */,
			);
			path = App;
			sourceTree = "<group>";
		};
		1769440D26B14B3C00BD1697 /* Model */ = {
			isa = PBXGroup;
			children = (
				1769440F26B14B4900BD1697 /* Presentation */,
				1769440E26B14B4400BD1697 /* DTO */,
			);
			path = Model;
			sourceTree = "<group>";
		};
		1769440E26B14B4400BD1697 /* DTO */ = {
			isa = PBXGroup;
			children = (
				1769441026B14B5E00BD1697 /* Repo */,
			);
			path = DTO;
			sourceTree = "<group>";
		};
		1769440F26B14B4900BD1697 /* Presentation */ = {
			isa = PBXGroup;
			children = (
			);
			path = Presentation;
			sourceTree = "<group>";
		};
		1769441026B14B5E00BD1697 /* Repo */ = {
			isa = PBXGroup;
			children = (
				1769441126B14B7100BD1697 /* RepoDTO.swift */,
				1769441326B14BB800BD1697 /* RepoOwnerDTO.swift */,
			);
			path = Repo;
			sourceTree = "<group>";
		};
		1769441526B14BD000BD1697 /* BaseRequest */ = {
			isa = PBXGroup;
			children = (
				1769441626B14BFB00BD1697 /* BaseApiRequest.swift */,
			);
			path = BaseRequest;
			sourceTree = "<group>";
		};
		1769441826B151B500BD1697 /* RepoRequest */ = {
			isa = PBXGroup;
			children = (
				1769441926B151DA00BD1697 /* SearchRepoRequest.swift */,
			);
			path = RepoRequest;
			sourceTree = "<group>";
		};
		1769441B26B1522E00BD1697 /* UserRequest */ = {
			isa = PBXGroup;
			children = (
				1769441C26B1525100BD1697 /* UserRequest.swift */,
				1769441E26B1536E00BD1697 /* UserRepoRequest.swift */,
			);
			path = UserRequest;
			sourceTree = "<group>";
		};
		1769442026B153C800BD1697 /* Client */ = {
			isa = PBXGroup;
			children = (
				1769442126B153D500BD1697 /* RestClient.swift */,
			);
			path = Client;
			sourceTree = "<group>";
		};
		1769442326B1576700BD1697 /* View */ = {
			isa = PBXGroup;
			children = (
				1769442426B1577100BD1697 /* BaseView.swift */,
			);
			path = View;
			sourceTree = "<group>";
		};
		1769442626B1578500BD1697 /* ImageView */ = {
			isa = PBXGroup;
			children = (
				1769442726B157C200BD1697 /* BaseImageView.swift */,
			);
			path = ImageView;
			sourceTree = "<group>";
		};
		1769442926B157F800BD1697 /* Cell */ = {
			isa = PBXGroup;
			children = (
			);
			path = Cell;
			sourceTree = "<group>";
		};
		27C90D04199E888FDFF09D47 /* Pods */ = {
			isa = PBXGroup;
			children = (
				52E8CF8EAB2E445F3A20ABB9 /* Pods-Github.debug.xcconfig */,
				80B0EB5DF8731E5D957B8A5F /* Pods-Github.release.xcconfig */,
				CE0044B4E2C7E2335AF4CF7B /* Pods-Github-GithubUITests.debug.xcconfig */,
				29298F62851C366C62DDFE06 /* Pods-Github-GithubUITests.release.xcconfig */,
				6FED22A27E1D44BB16358197 /* Pods-GithubTests.debug.xcconfig */,
				B18BF44691BD527B48F9923E /* Pods-GithubTests.release.xcconfig */,
			);
			path = Pods;
			sourceTree = "<group>";
		};
		30323B70447C95AA74BB7EDF /* Frameworks */ = {
			isa = PBXGroup;
			children = (
				AB07395771CE90E6FFE3F7B5 /* Pods_Github.framework */,
				821B215B02ED5E24CA9A3C90 /* Pods_Github_GithubUITests.framework */,
				EB779AACF8E146809D41AB46 /* Pods_GithubTests.framework */,
			);
			name = Frameworks;
			sourceTree = "<group>";
		};
/* End PBXGroup section */

/* Begin PBXNativeTarget section */
		176943D226B148C700BD1697 /* Github */ = {
			isa = PBXNativeTarget;
			buildConfigurationList = 176943FD26B148CB00BD1697 /* Build configuration list for PBXNativeTarget "Github" */;
			buildPhases = (
				6AE0B8D29336F7C0A290897C /* [CP] Check Pods Manifest.lock */,
				176943CF26B148C700BD1697 /* Sources */,
				176943D026B148C700BD1697 /* Frameworks */,
				176943D126B148C700BD1697 /* Resources */,
				A47A785F152071BF8C1030AC /* [CP] Embed Pods Frameworks */,
			);
			buildRules = (
			);
			dependencies = (
			);
			name = Github;
			productName = Github;
			productReference = 176943D326B148C700BD1697 /* Github.app */;
			productType = "com.apple.product-type.application";
		};
		176943E826B148CB00BD1697 /* GithubTests */ = {
			isa = PBXNativeTarget;
			buildConfigurationList = 1769440026B148CB00BD1697 /* Build configuration list for PBXNativeTarget "GithubTests" */;
			buildPhases = (
				250EBC027AD30767FE68DA74 /* [CP] Check Pods Manifest.lock */,
				176943E526B148CB00BD1697 /* Sources */,
				176943E626B148CB00BD1697 /* Frameworks */,
				176943E726B148CB00BD1697 /* Resources */,
			);
			buildRules = (
			);
			dependencies = (
				176943EB26B148CB00BD1697 /* PBXTargetDependency */,
			);
			name = GithubTests;
			productName = GithubTests;
			productReference = 176943E926B148CB00BD1697 /* GithubTests.xctest */;
			productType = "com.apple.product-type.bundle.unit-test";
		};
		176943F326B148CB00BD1697 /* GithubUITests */ = {
			isa = PBXNativeTarget;
			buildConfigurationList = 1769440326B148CB00BD1697 /* Build configuration list for PBXNativeTarget "GithubUITests" */;
			buildPhases = (
				4F8891324750AE9E8AB888DF /* [CP] Check Pods Manifest.lock */,
				176943F026B148CB00BD1697 /* Sources */,
				176943F126B148CB00BD1697 /* Frameworks */,
				176943F226B148CB00BD1697 /* Resources */,
				9315B07CF6258C839CC131B0 /* [CP] Embed Pods Frameworks */,
			);
			buildRules = (
			);
			dependencies = (
				176943F626B148CB00BD1697 /* PBXTargetDependency */,
			);
			name = GithubUITests;
			productName = GithubUITests;
			productReference = 176943F426B148CB00BD1697 /* GithubUITests.xctest */;
			productType = "com.apple.product-type.bundle.ui-testing";
		};
/* End PBXNativeTarget section */

/* Begin PBXProject section */
		176943CB26B148C700BD1697 /* Project object */ = {
			isa = PBXProject;
			attributes = {
				LastSwiftUpdateCheck = 1250;
				LastUpgradeCheck = 1250;
				TargetAttributes = {
					176943D226B148C700BD1697 = {
						CreatedOnToolsVersion = 12.5;
					};
					176943E826B148CB00BD1697 = {
						CreatedOnToolsVersion = 12.5;
						TestTargetID = 176943D226B148C700BD1697;
					};
					176943F326B148CB00BD1697 = {
						CreatedOnToolsVersion = 12.5;
						TestTargetID = 176943D226B148C700BD1697;
					};
				};
			};
			buildConfigurationList = 176943CE26B148C700BD1697 /* Build configuration list for PBXProject "Github" */;
			compatibilityVersion = "Xcode 9.3";
			developmentRegion = en;
			hasScannedForEncodings = 0;
			knownRegions = (
				en,
				Base,
			);
			mainGroup = 176943CA26B148C700BD1697;
			productRefGroup = 176943D426B148C700BD1697 /* Products */;
			projectDirPath = "";
			projectRoot = "";
			targets = (
				176943D226B148C700BD1697 /* Github */,
				176943E826B148CB00BD1697 /* GithubTests */,
				176943F326B148CB00BD1697 /* GithubUITests */,
			);
		};
/* End PBXProject section */

/* Begin PBXResourcesBuildPhase section */
		176943D126B148C700BD1697 /* Resources */ = {
			isa = PBXResourcesBuildPhase;
			buildActionMask = 2147483647;
			files = (
				176943E326B148CB00BD1697 /* LaunchScreen.storyboard in Resources */,
				176943E026B148CA00BD1697 /* Assets.xcassets in Resources */,
				176943DE26B148C700BD1697 /* Main.storyboard in Resources */,
			);
			runOnlyForDeploymentPostprocessing = 0;
		};
		176943E726B148CB00BD1697 /* Resources */ = {
			isa = PBXResourcesBuildPhase;
			buildActionMask = 2147483647;
			files = (
			);
			runOnlyForDeploymentPostprocessing = 0;
		};
		176943F226B148CB00BD1697 /* Resources */ = {
			isa = PBXResourcesBuildPhase;
			buildActionMask = 2147483647;
			files = (
			);
			runOnlyForDeploymentPostprocessing = 0;
		};
/* End PBXResourcesBuildPhase section */

/* Begin PBXShellScriptBuildPhase section */
		250EBC027AD30767FE68DA74 /* [CP] Check Pods Manifest.lock */ = {
			isa = PBXShellScriptBuildPhase;
			buildActionMask = 2147483647;
			files = (
			);
			inputFileListPaths = (
			);
			inputPaths = (
				"${PODS_PODFILE_DIR_PATH}/Podfile.lock",
				"${PODS_ROOT}/Manifest.lock",
			);
			name = "[CP] Check Pods Manifest.lock";
			outputFileListPaths = (
			);
			outputPaths = (
				"$(DERIVED_FILE_DIR)/Pods-GithubTests-checkManifestLockResult.txt",
			);
			runOnlyForDeploymentPostprocessing = 0;
			shellPath = /bin/sh;
			shellScript = "diff \"${PODS_PODFILE_DIR_PATH}/Podfile.lock\" \"${PODS_ROOT}/Manifest.lock\" > /dev/null\nif [ $? != 0 ] ; then\n    # print error to STDERR\n    echo \"error: The sandbox is not in sync with the Podfile.lock. Run 'pod install' or update your CocoaPods installation.\" >&2\n    exit 1\nfi\n# This output is used by Xcode 'outputs' to avoid re-running this script phase.\necho \"SUCCESS\" > \"${SCRIPT_OUTPUT_FILE_0}\"\n";
			showEnvVarsInLog = 0;
		};
		4F8891324750AE9E8AB888DF /* [CP] Check Pods Manifest.lock */ = {
			isa = PBXShellScriptBuildPhase;
			buildActionMask = 2147483647;
			files = (
			);
			inputFileListPaths = (
			);
			inputPaths = (
				"${PODS_PODFILE_DIR_PATH}/Podfile.lock",
				"${PODS_ROOT}/Manifest.lock",
			);
			name = "[CP] Check Pods Manifest.lock";
			outputFileListPaths = (
			);
			outputPaths = (
				"$(DERIVED_FILE_DIR)/Pods-Github-GithubUITests-checkManifestLockResult.txt",
			);
			runOnlyForDeploymentPostprocessing = 0;
			shellPath = /bin/sh;
			shellScript = "diff \"${PODS_PODFILE_DIR_PATH}/Podfile.lock\" \"${PODS_ROOT}/Manifest.lock\" > /dev/null\nif [ $? != 0 ] ; then\n    # print error to STDERR\n    echo \"error: The sandbox is not in sync with the Podfile.lock. Run 'pod install' or update your CocoaPods installation.\" >&2\n    exit 1\nfi\n# This output is used by Xcode 'outputs' to avoid re-running this script phase.\necho \"SUCCESS\" > \"${SCRIPT_OUTPUT_FILE_0}\"\n";
			showEnvVarsInLog = 0;
		};
		6AE0B8D29336F7C0A290897C /* [CP] Check Pods Manifest.lock */ = {
			isa = PBXShellScriptBuildPhase;
			buildActionMask = 2147483647;
			files = (
			);
			inputFileListPaths = (
			);
			inputPaths = (
				"${PODS_PODFILE_DIR_PATH}/Podfile.lock",
				"${PODS_ROOT}/Manifest.lock",
			);
			name = "[CP] Check Pods Manifest.lock";
			outputFileListPaths = (
			);
			outputPaths = (
				"$(DERIVED_FILE_DIR)/Pods-Github-checkManifestLockResult.txt",
			);
			runOnlyForDeploymentPostprocessing = 0;
			shellPath = /bin/sh;
			shellScript = "diff \"${PODS_PODFILE_DIR_PATH}/Podfile.lock\" \"${PODS_ROOT}/Manifest.lock\" > /dev/null\nif [ $? != 0 ] ; then\n    # print error to STDERR\n    echo \"error: The sandbox is not in sync with the Podfile.lock. Run 'pod install' or update your CocoaPods installation.\" >&2\n    exit 1\nfi\n# This output is used by Xcode 'outputs' to avoid re-running this script phase.\necho \"SUCCESS\" > \"${SCRIPT_OUTPUT_FILE_0}\"\n";
			showEnvVarsInLog = 0;
		};
		9315B07CF6258C839CC131B0 /* [CP] Embed Pods Frameworks */ = {
			isa = PBXShellScriptBuildPhase;
			buildActionMask = 2147483647;
			files = (
			);
			inputFileListPaths = (
				"${PODS_ROOT}/Target Support Files/Pods-Github-GithubUITests/Pods-Github-GithubUITests-frameworks-${CONFIGURATION}-input-files.xcfilelist",
			);
			name = "[CP] Embed Pods Frameworks";
			outputFileListPaths = (
				"${PODS_ROOT}/Target Support Files/Pods-Github-GithubUITests/Pods-Github-GithubUITests-frameworks-${CONFIGURATION}-output-files.xcfilelist",
			);
			runOnlyForDeploymentPostprocessing = 0;
			shellPath = /bin/sh;
			shellScript = "\"${PODS_ROOT}/Target Support Files/Pods-Github-GithubUITests/Pods-Github-GithubUITests-frameworks.sh\"\n";
			showEnvVarsInLog = 0;
		};
		A47A785F152071BF8C1030AC /* [CP] Embed Pods Frameworks */ = {
			isa = PBXShellScriptBuildPhase;
			buildActionMask = 2147483647;
			files = (
			);
			inputFileListPaths = (
				"${PODS_ROOT}/Target Support Files/Pods-Github/Pods-Github-frameworks-${CONFIGURATION}-input-files.xcfilelist",
			);
			name = "[CP] Embed Pods Frameworks";
			outputFileListPaths = (
				"${PODS_ROOT}/Target Support Files/Pods-Github/Pods-Github-frameworks-${CONFIGURATION}-output-files.xcfilelist",
			);
			runOnlyForDeploymentPostprocessing = 0;
			shellPath = /bin/sh;
			shellScript = "\"${PODS_ROOT}/Target Support Files/Pods-Github/Pods-Github-frameworks.sh\"\n";
			showEnvVarsInLog = 0;
		};
/* End PBXShellScriptBuildPhase section */

/* Begin PBXSourcesBuildPhase section */
		176943CF26B148C700BD1697 /* Sources */ = {
			isa = PBXSourcesBuildPhase;
			buildActionMask = 2147483647;
			files = (
				1769441426B14BB800BD1697 /* RepoOwnerDTO.swift in Sources */,
				1769441A26B151DA00BD1697 /* SearchRepoRequest.swift in Sources */,
				176943DB26B148C700BD1697 /* ViewController.swift in Sources */,
				1769441226B14B7100BD1697 /* RepoDTO.swift in Sources */,
				1769441D26B1525100BD1697 /* UserRequest.swift in Sources */,
				176943D726B148C700BD1697 /* AppDelegate.swift in Sources */,
				176943D926B148C700BD1697 /* SceneDelegate.swift in Sources */,
				1769442826B157C300BD1697 /* BaseImageView.swift in Sources */,
				1769441F26B1536E00BD1697 /* UserRepoRequest.swift in Sources */,
				1769442226B153D500BD1697 /* RestClient.swift in Sources */,
				1769442526B1577100BD1697 /* BaseView.swift in Sources */,
				1769441726B14BFB00BD1697 /* BaseApiRequest.swift in Sources */,
			);
			runOnlyForDeploymentPostprocessing = 0;
		};
		176943E526B148CB00BD1697 /* Sources */ = {
			isa = PBXSourcesBuildPhase;
			buildActionMask = 2147483647;
			files = (
				176943EE26B148CB00BD1697 /* GithubTests.swift in Sources */,
			);
			runOnlyForDeploymentPostprocessing = 0;
		};
		176943F026B148CB00BD1697 /* Sources */ = {
			isa = PBXSourcesBuildPhase;
			buildActionMask = 2147483647;
			files = (
				176943F926B148CB00BD1697 /* GithubUITests.swift in Sources */,
			);
			runOnlyForDeploymentPostprocessing = 0;
		};
/* End PBXSourcesBuildPhase section */

/* Begin PBXTargetDependency section */
		176943EB26B148CB00BD1697 /* PBXTargetDependency */ = {
			isa = PBXTargetDependency;
			target = 176943D226B148C700BD1697 /* Github */;
			targetProxy = 176943EA26B148CB00BD1697 /* PBXContainerItemProxy */;
		};
		176943F626B148CB00BD1697 /* PBXTargetDependency */ = {
			isa = PBXTargetDependency;
			target = 176943D226B148C700BD1697 /* Github */;
			targetProxy = 176943F526B148CB00BD1697 /* PBXContainerItemProxy */;
		};
/* End PBXTargetDependency section */

/* Begin PBXVariantGroup section */
		176943DC26B148C700BD1697 /* Main.storyboard */ = {
			isa = PBXVariantGroup;
			children = (
				176943DD26B148C700BD1697 /* Base */,
			);
			name = Main.storyboard;
			sourceTree = "<group>";
		};
		176943E126B148CA00BD1697 /* LaunchScreen.storyboard */ = {
			isa = PBXVariantGroup;
			children = (
				176943E226B148CB00BD1697 /* Base */,
			);
			name = LaunchScreen.storyboard;
			sourceTree = "<group>";
		};
/* End PBXVariantGroup section */

/* Begin XCBuildConfiguration section */
		176943FB26B148CB00BD1697 /* Debug */ = {
			isa = XCBuildConfiguration;
			buildSettings = {
				ALWAYS_SEARCH_USER_PATHS = NO;
				CLANG_ANALYZER_NONNULL = YES;
				CLANG_ANALYZER_NUMBER_OBJECT_CONVERSION = YES_AGGRESSIVE;
				CLANG_CXX_LANGUAGE_STANDARD = "gnu++14";
				CLANG_CXX_LIBRARY = "libc++";
				CLANG_ENABLE_MODULES = YES;
				CLANG_ENABLE_OBJC_ARC = YES;
				CLANG_ENABLE_OBJC_WEAK = YES;
				CLANG_WARN_BLOCK_CAPTURE_AUTORELEASING = YES;
				CLANG_WARN_BOOL_CONVERSION = YES;
				CLANG_WARN_COMMA = YES;
				CLANG_WARN_CONSTANT_CONVERSION = YES;
				CLANG_WARN_DEPRECATED_OBJC_IMPLEMENTATIONS = YES;
				CLANG_WARN_DIRECT_OBJC_ISA_USAGE = YES_ERROR;
				CLANG_WARN_DOCUMENTATION_COMMENTS = YES;
				CLANG_WARN_EMPTY_BODY = YES;
				CLANG_WARN_ENUM_CONVERSION = YES;
				CLANG_WARN_INFINITE_RECURSION = YES;
				CLANG_WARN_INT_CONVERSION = YES;
				CLANG_WARN_NON_LITERAL_NULL_CONVERSION = YES;
				CLANG_WARN_OBJC_IMPLICIT_RETAIN_SELF = YES;
				CLANG_WARN_OBJC_LITERAL_CONVERSION = YES;
				CLANG_WARN_OBJC_ROOT_CLASS = YES_ERROR;
				CLANG_WARN_QUOTED_INCLUDE_IN_FRAMEWORK_HEADER = YES;
				CLANG_WARN_RANGE_LOOP_ANALYSIS = YES;
				CLANG_WARN_STRICT_PROTOTYPES = YES;
				CLANG_WARN_SUSPICIOUS_MOVE = YES;
				CLANG_WARN_UNGUARDED_AVAILABILITY = YES_AGGRESSIVE;
				CLANG_WARN_UNREACHABLE_CODE = YES;
				CLANG_WARN__DUPLICATE_METHOD_MATCH = YES;
				COPY_PHASE_STRIP = NO;
				DEBUG_INFORMATION_FORMAT = dwarf;
				ENABLE_STRICT_OBJC_MSGSEND = YES;
				ENABLE_TESTABILITY = YES;
				GCC_C_LANGUAGE_STANDARD = gnu11;
				GCC_DYNAMIC_NO_PIC = NO;
				GCC_NO_COMMON_BLOCKS = YES;
				GCC_OPTIMIZATION_LEVEL = 0;
				GCC_PREPROCESSOR_DEFINITIONS = (
					"DEBUG=1",
					"$(inherited)",
				);
				GCC_WARN_64_TO_32_BIT_CONVERSION = YES;
				GCC_WARN_ABOUT_RETURN_TYPE = YES_ERROR;
				GCC_WARN_UNDECLARED_SELECTOR = YES;
				GCC_WARN_UNINITIALIZED_AUTOS = YES_AGGRESSIVE;
				GCC_WARN_UNUSED_FUNCTION = YES;
				GCC_WARN_UNUSED_VARIABLE = YES;
				IPHONEOS_DEPLOYMENT_TARGET = 14.5;
				MTL_ENABLE_DEBUG_INFO = INCLUDE_SOURCE;
				MTL_FAST_MATH = YES;
				ONLY_ACTIVE_ARCH = YES;
				SDKROOT = iphoneos;
				SWIFT_ACTIVE_COMPILATION_CONDITIONS = DEBUG;
				SWIFT_OPTIMIZATION_LEVEL = "-Onone";
			};
			name = Debug;
		};
		176943FC26B148CB00BD1697 /* Release */ = {
			isa = XCBuildConfiguration;
			buildSettings = {
				ALWAYS_SEARCH_USER_PATHS = NO;
				CLANG_ANALYZER_NONNULL = YES;
				CLANG_ANALYZER_NUMBER_OBJECT_CONVERSION = YES_AGGRESSIVE;
				CLANG_CXX_LANGUAGE_STANDARD = "gnu++14";
				CLANG_CXX_LIBRARY = "libc++";
				CLANG_ENABLE_MODULES = YES;
				CLANG_ENABLE_OBJC_ARC = YES;
				CLANG_ENABLE_OBJC_WEAK = YES;
				CLANG_WARN_BLOCK_CAPTURE_AUTORELEASING = YES;
				CLANG_WARN_BOOL_CONVERSION = YES;
				CLANG_WARN_COMMA = YES;
				CLANG_WARN_CONSTANT_CONVERSION = YES;
				CLANG_WARN_DEPRECATED_OBJC_IMPLEMENTATIONS = YES;
				CLANG_WARN_DIRECT_OBJC_ISA_USAGE = YES_ERROR;
				CLANG_WARN_DOCUMENTATION_COMMENTS = YES;
				CLANG_WARN_EMPTY_BODY = YES;
				CLANG_WARN_ENUM_CONVERSION = YES;
				CLANG_WARN_INFINITE_RECURSION = YES;
				CLANG_WARN_INT_CONVERSION = YES;
				CLANG_WARN_NON_LITERAL_NULL_CONVERSION = YES;
				CLANG_WARN_OBJC_IMPLICIT_RETAIN_SELF = YES;
				CLANG_WARN_OBJC_LITERAL_CONVERSION = YES;
				CLANG_WARN_OBJC_ROOT_CLASS = YES_ERROR;
				CLANG_WARN_QUOTED_INCLUDE_IN_FRAMEWORK_HEADER = YES;
				CLANG_WARN_RANGE_LOOP_ANALYSIS = YES;
				CLANG_WARN_STRICT_PROTOTYPES = YES;
				CLANG_WARN_SUSPICIOUS_MOVE = YES;
				CLANG_WARN_UNGUARDED_AVAILABILITY = YES_AGGRESSIVE;
				CLANG_WARN_UNREACHABLE_CODE = YES;
				CLANG_WARN__DUPLICATE_METHOD_MATCH = YES;
				COPY_PHASE_STRIP = NO;
				DEBUG_INFORMATION_FORMAT = "dwarf-with-dsym";
				ENABLE_NS_ASSERTIONS = NO;
				ENABLE_STRICT_OBJC_MSGSEND = YES;
				GCC_C_LANGUAGE_STANDARD = gnu11;
				GCC_NO_COMMON_BLOCKS = YES;
				GCC_WARN_64_TO_32_BIT_CONVERSION = YES;
				GCC_WARN_ABOUT_RETURN_TYPE = YES_ERROR;
				GCC_WARN_UNDECLARED_SELECTOR = YES;
				GCC_WARN_UNINITIALIZED_AUTOS = YES_AGGRESSIVE;
				GCC_WARN_UNUSED_FUNCTION = YES;
				GCC_WARN_UNUSED_VARIABLE = YES;
				IPHONEOS_DEPLOYMENT_TARGET = 14.5;
				MTL_ENABLE_DEBUG_INFO = NO;
				MTL_FAST_MATH = YES;
				SDKROOT = iphoneos;
				SWIFT_COMPILATION_MODE = wholemodule;
				SWIFT_OPTIMIZATION_LEVEL = "-O";
				VALIDATE_PRODUCT = YES;
			};
			name = Release;
		};
		176943FE26B148CB00BD1697 /* Debug */ = {
			isa = XCBuildConfiguration;
			baseConfigurationReference = 52E8CF8EAB2E445F3A20ABB9 /* Pods-Github.debug.xcconfig */;
			buildSettings = {
				ASSETCATALOG_COMPILER_APPICON_NAME = AppIcon;
				ASSETCATALOG_COMPILER_GLOBAL_ACCENT_COLOR_NAME = AccentColor;
				CODE_SIGN_IDENTITY = "Apple Development";
				CODE_SIGN_STYLE = Automatic;
				DEVELOPMENT_TEAM = "";
				INFOPLIST_FILE = Github/Info.plist;
				LD_RUNPATH_SEARCH_PATHS = (
					"$(inherited)",
					"@executable_path/Frameworks",
				);
				PRODUCT_BUNDLE_IDENTIFIER = deneme.Github;
				PRODUCT_NAME = "$(TARGET_NAME)";
				PROVISIONING_PROFILE_SPECIFIER = "";
				SWIFT_VERSION = 5.0;
				TARGETED_DEVICE_FAMILY = "1,2";
			};
			name = Debug;
		};
		176943FF26B148CB00BD1697 /* Release */ = {
			isa = XCBuildConfiguration;
			baseConfigurationReference = 80B0EB5DF8731E5D957B8A5F /* Pods-Github.release.xcconfig */;
			buildSettings = {
				ASSETCATALOG_COMPILER_APPICON_NAME = AppIcon;
				ASSETCATALOG_COMPILER_GLOBAL_ACCENT_COLOR_NAME = AccentColor;
				CODE_SIGN_IDENTITY = "Apple Development";
				CODE_SIGN_STYLE = Automatic;
				DEVELOPMENT_TEAM = "";
				INFOPLIST_FILE = Github/Info.plist;
				LD_RUNPATH_SEARCH_PATHS = (
					"$(inherited)",
					"@executable_path/Frameworks",
				);
				PRODUCT_BUNDLE_IDENTIFIER = deneme.Github;
				PRODUCT_NAME = "$(TARGET_NAME)";
				PROVISIONING_PROFILE_SPECIFIER = "";
				SWIFT_VERSION = 5.0;
				TARGETED_DEVICE_FAMILY = "1,2";
			};
			name = Release;
		};
		1769440126B148CB00BD1697 /* Debug */ = {
			isa = XCBuildConfiguration;
			baseConfigurationReference = 6FED22A27E1D44BB16358197 /* Pods-GithubTests.debug.xcconfig */;
			buildSettings = {
				ALWAYS_EMBED_SWIFT_STANDARD_LIBRARIES = YES;
				BUNDLE_LOADER = "$(TEST_HOST)";
				CODE_SIGN_STYLE = Automatic;
				DEVELOPMENT_TEAM = C5C3TJ5NZY;
				INFOPLIST_FILE = GithubTests/Info.plist;
				IPHONEOS_DEPLOYMENT_TARGET = 14.5;
				LD_RUNPATH_SEARCH_PATHS = (
					"$(inherited)",
					"@executable_path/Frameworks",
					"@loader_path/Frameworks",
				);
				PRODUCT_BUNDLE_IDENTIFIER = github.GithubTests;
				PRODUCT_NAME = "$(TARGET_NAME)";
				SWIFT_VERSION = 5.0;
				TARGETED_DEVICE_FAMILY = "1,2";
				TEST_HOST = "$(BUILT_PRODUCTS_DIR)/Github.app/Github";
			};
			name = Debug;
		};
		1769440226B148CB00BD1697 /* Release */ = {
			isa = XCBuildConfiguration;
			baseConfigurationReference = B18BF44691BD527B48F9923E /* Pods-GithubTests.release.xcconfig */;
			buildSettings = {
				ALWAYS_EMBED_SWIFT_STANDARD_LIBRARIES = YES;
				BUNDLE_LOADER = "$(TEST_HOST)";
				CODE_SIGN_STYLE = Automatic;
				DEVELOPMENT_TEAM = C5C3TJ5NZY;
				INFOPLIST_FILE = GithubTests/Info.plist;
				IPHONEOS_DEPLOYMENT_TARGET = 14.5;
				LD_RUNPATH_SEARCH_PATHS = (
					"$(inherited)",
					"@executable_path/Frameworks",
					"@loader_path/Frameworks",
				);
				PRODUCT_BUNDLE_IDENTIFIER = github.GithubTests;
				PRODUCT_NAME = "$(TARGET_NAME)";
				SWIFT_VERSION = 5.0;
				TARGETED_DEVICE_FAMILY = "1,2";
				TEST_HOST = "$(BUILT_PRODUCTS_DIR)/Github.app/Github";
			};
			name = Release;
		};
		1769440426B148CB00BD1697 /* Debug */ = {
			isa = XCBuildConfiguration;
			baseConfigurationReference = CE0044B4E2C7E2335AF4CF7B /* Pods-Github-GithubUITests.debug.xcconfig */;
			buildSettings = {
				ALWAYS_EMBED_SWIFT_STANDARD_LIBRARIES = YES;
				CODE_SIGN_STYLE = Automatic;
				DEVELOPMENT_TEAM = C5C3TJ5NZY;
				INFOPLIST_FILE = GithubUITests/Info.plist;
				LD_RUNPATH_SEARCH_PATHS = (
					"$(inherited)",
					"@executable_path/Frameworks",
					"@loader_path/Frameworks",
				);
				PRODUCT_BUNDLE_IDENTIFIER = github.GithubUITests;
				PRODUCT_NAME = "$(TARGET_NAME)";
				SWIFT_VERSION = 5.0;
				TARGETED_DEVICE_FAMILY = "1,2";
				TEST_TARGET_NAME = Github;
			};
			name = Debug;
		};
		1769440526B148CB00BD1697 /* Release */ = {
			isa = XCBuildConfiguration;
			baseConfigurationReference = 29298F62851C366C62DDFE06 /* Pods-Github-GithubUITests.release.xcconfig */;
			buildSettings = {
				ALWAYS_EMBED_SWIFT_STANDARD_LIBRARIES = YES;
				CODE_SIGN_STYLE = Automatic;
				DEVELOPMENT_TEAM = C5C3TJ5NZY;
				INFOPLIST_FILE = GithubUITests/Info.plist;
				LD_RUNPATH_SEARCH_PATHS = (
					"$(inherited)",
					"@executable_path/Frameworks",
					"@loader_path/Frameworks",
				);
				PRODUCT_BUNDLE_IDENTIFIER = github.GithubUITests;
				PRODUCT_NAME = "$(TARGET_NAME)";
				SWIFT_VERSION = 5.0;
				TARGETED_DEVICE_FAMILY = "1,2";
				TEST_TARGET_NAME = Github;
			};
			name = Release;
		};
/* End XCBuildConfiguration section */

/* Begin XCConfigurationList section */
		176943CE26B148C700BD1697 /* Build configuration list for PBXProject "Github" */ = {
			isa = XCConfigurationList;
			buildConfigurations = (
				176943FB26B148CB00BD1697 /* Debug */,
				176943FC26B148CB00BD1697 /* Release */,
			);
			defaultConfigurationIsVisible = 0;
			defaultConfigurationName = Release;
		};
		176943FD26B148CB00BD1697 /* Build configuration list for PBXNativeTarget "Github" */ = {
			isa = XCConfigurationList;
			buildConfigurations = (
				176943FE26B148CB00BD1697 /* Debug */,
				176943FF26B148CB00BD1697 /* Release */,
			);
			defaultConfigurationIsVisible = 0;
			defaultConfigurationName = Release;
		};
		1769440026B148CB00BD1697 /* Build configuration list for PBXNativeTarget "GithubTests" */ = {
			isa = XCConfigurationList;
			buildConfigurations = (
				1769440126B148CB00BD1697 /* Debug */,
				1769440226B148CB00BD1697 /* Release */,
			);
			defaultConfigurationIsVisible = 0;
			defaultConfigurationName = Release;
		};
		1769440326B148CB00BD1697 /* Build configuration list for PBXNativeTarget "GithubUITests" */ = {
			isa = XCConfigurationList;
			buildConfigurations = (
				1769440426B148CB00BD1697 /* Debug */,
				1769440526B148CB00BD1697 /* Release */,
			);
			defaultConfigurationIsVisible = 0;
			defaultConfigurationName = Release;
		};
/* End XCConfigurationList section */
	};
	rootObject = 176943CB26B148C700BD1697 /* Project object */;
}
